{
    "_readme": [
        "This file locks the dependencies of your project to a known state",
        "Read more about it at https://getcomposer.org/doc/01-basic-usage.md#installing-dependencies",
        "This file is @generated automatically"
    ],
    "content-hash": "004c02a383aea34481dfc63afce2c6f4",
    "packages": [
        {
            "name": "wujunze/php-cli-color",
            "version": "v2.4",
            "source": {
                "type": "git",
                "url": "https://github.com/wujunze/php-cli-color.git",
                "reference": "e4bc6bf3a12e6d9eae68aa2cb87dedf9cf3814d1"
            },
            "dist": {
                "type": "zip",
                "url": "https://api.github.com/repos/wujunze/php-cli-color/zipball/e4bc6bf3a12e6d9eae68aa2cb87dedf9cf3814d1",
                "reference": "e4bc6bf3a12e6d9eae68aa2cb87dedf9cf3814d1",
                "shasum": ""
            },
            "require": {
                "php": ">=5.6.0"
            },
            "require-dev": {
                "codedungeon/phpunit-result-printer": "^0.5",
                "overtrue/phplint": "^0.2",
                "phpunit/phpunit": "^5.0"
            },
            "type": "library",
            "autoload": {
                "psr-4": {
                    "Wujunze\\": "src"
                }
            },
            "notification-url": "https://packagist.org/downloads/",
            "license": [
                "MIT"
            ],
            "authors": [
                {
                    "name": "wujunze",
                    "email": "itwujunze@163.com"
                }
            ],
            "description": "Simple and easy to use the PHP command-line output of color",
            "time": "2018-07-18T06:33:28+00:00"
        }
    ],
    "packages-dev": [],
    "aliases": [],
    "minimum-stability": "stable",
    "stability-flags": [],
    "prefer-stable": false,
    "prefer-lowest": false,
    "platform": [],
    "platform-dev": []
}
